PODS:
  - Alamofire (5.4.3)
  - SwiftLint (0.43.1)

DEPENDENCIES:
  - Alamofire (~> 5.2)
  - SwiftLint

SPEC REPOS:
  trunk:
    - Alamofire
    - SwiftLint

SPEC CHECKSUMS:
  Alamofire: e447a2774a40c996748296fa2c55112fdbbc42f9
  SwiftLint: 99f82d07b837b942dd563c668de129a03fc3fb52

PODFILE CHECKSUM: 3b827187bf8939a5f74a0fff9fdffd78fca1f4b6

COCOAPODS: 1.10.1
